// !$*UTF8*$!
{
	archiveVersion = 1;
	classes = {
	};
	objectVersion = 54;
	objects = {

/* Begin PBXBuildFile section */
		3C19AEEEDF18BFD19D0DACE0 /* Pods_LearnAsWant.framework in Frameworks */ = {isa = PBXBuildFile; fileRef = E6F5E48B2E576B1CFB070890 /* Pods_LearnAsWant.framework */; };
		C7A836BD29892AED00DE0805 /* AppDelegate.swift in Sources */ = {isa = PBXBuildFile; fileRef = C7A836BC29892AED00DE0805 /* AppDelegate.swift */; };
		C7A836BF29892AED00DE0805 /* SceneDelegate.swift in Sources */ = {isa = PBXBuildFile; fileRef = C7A836BE29892AED00DE0805 /* SceneDelegate.swift */; };
		C7A836C129892AED00DE0805 /* ViewController.swift in Sources */ = {isa = PBXBuildFile; fileRef = C7A836C029892AED00DE0805 /* ViewController.swift */; };
		C7A836C429892AED00DE0805 /* Main.storyboard in Resources */ = {isa = PBXBuildFile; fileRef = C7A836C229892AED00DE0805 /* Main.storyboard */; };
		C7A836C629892AEE00DE0805 /* Assets.xcassets in Resources */ = {isa = PBXBuildFile; fileRef = C7A836C529892AEE00DE0805 /* Assets.xcassets */; };
		C7A836C929892AEE00DE0805 /* LaunchScreen.storyboard in Resources */ = {isa = PBXBuildFile; fileRef = C7A836C729892AEE00DE0805 /* LaunchScreen.storyboard */; };
/* End PBXBuildFile section */

/* Begin PBXFileReference section */
		98A1719242FFB2B5DC408BBD /* Pods-LearnAsWant.debug.xcconfig */ = {isa = PBXFileReference; includeInIndex = 1; lastKnownFileType = text.xcconfig; name = "Pods-LearnAsWant.debug.xcconfig"; path = "Target Support Files/Pods-LearnAsWant/Pods-LearnAsWant.debug.xcconfig"; sourceTree = "<group>"; };
		9BCE9D3B8D414EEA0D541EF7 /* Pods-LearnAsWant.release.xcconfig */ = {isa = PBXFileReference; includeInIndex = 1; lastKnownFileType = text.xcconfig; name = "Pods-LearnAsWant.release.xcconfig"; path = "Target Support Files/Pods-LearnAsWant/Pods-LearnAsWant.release.xcconfig"; sourceTree = "<group>"; };
		C7A836B929892AED00DE0805 /* LearnAsWant.app */ = {isa = PBXFileReference; explicitFileType = wrapper.application; includeInIndex = 0; path = LearnAsWant.app; sourceTree = BUILT_PRODUCTS_DIR; };
		C7A836BC29892AED00DE0805 /* AppDelegate.swift */ = {isa = PBXFileReference; lastKnownFileType = sourcecode.swift; path = AppDelegate.swift; sourceTree = "<group>"; };
		C7A836BE29892AED00DE0805 /* SceneDelegate.swift */ = {isa = PBXFileReference; lastKnownFileType = sourcecode.swift; path = SceneDelegate.swift; sourceTree = "<group>"; };
		C7A836C029892AED00DE0805 /* ViewController.swift */ = {isa = PBXFileReference; lastKnownFileType = sourcecode.swift; path = ViewController.swift; sourceTree = "<group>"; };
		C7A836C329892AED00DE0805 /* Base */ = {isa = PBXFileReference; lastKnownFileType = file.storyboard; name = Base; path = Base.lproj/Main.storyboard; sourceTree = "<group>"; };
		C7A836C529892AEE00DE0805 /* Assets.xcassets */ = {isa = PBXFileReference; lastKnownFileType = folder.assetcatalog; path = Assets.xcassets; sourceTree = "<group>"; };
		C7A836C829892AEE00DE0805 /* Base */ = {isa = PBXFileReference; lastKnownFileType = file.storyboard; name = Base; path = Base.lproj/LaunchScreen.storyboard; sourceTree = "<group>"; };
		C7A836CA29892AEE00DE0805 /* Info.plist */ = {isa = PBXFileReference; lastKnownFileType = text.plist.xml; path = Info.plist; sourceTree = "<group>"; };
		E6F5E48B2E576B1CFB070890 /* Pods_LearnAsWant.framework */ = {isa = PBXFileReference; explicitFileType = wrapper.framework; includeInIndex = 0; path = Pods_LearnAsWant.framework; sourceTree = BUILT_PRODUCTS_DIR; };
/* End PBXFileReference section */

/* Begin PBXFrameworksBuildPhase section */
		C7A836B629892AED00DE0805 /* Frameworks */ = {
			isa = PBXFrameworksBuildPhase;
			buildActionMask = 2147483647;
			files = (
				3C19AEEEDF18BFD19D0DACE0 /* Pods_LearnAsWant.framework in Frameworks */,
			);
			runOnlyForDeploymentPostprocessing = 0;
		};
/* End PBXFrameworksBuildPhase section */

/* Begin PBXGroup section */
		4308CE61824C0A0AF73AC16A /* Frameworks */ = {
			isa = PBXGroup;
			children = (
				E6F5E48B2E576B1CFB070890 /* Pods_LearnAsWant.framework */,
			);
			name = Frameworks;
			sourceTree = "<group>";
		};
		C7A836B029892AED00DE0805 = {
			isa = PBXGroup;
			children = (
				C7A836BB29892AED00DE0805 /* LearnAsWant */,
				C7A836BA29892AED00DE0805 /* Products */,
				D687811D0A8D002004369BF0 /* Pods */,
				4308CE61824C0A0AF73AC16A /* Frameworks */,
			);
			sourceTree = "<group>";
		};
		C7A836BA29892AED00DE0805 /* Products */ = {
			isa = PBXGroup;
			children = (
				C7A836B929892AED00DE0805 /* LearnAsWant.app */,
			);
			name = Products;
			sourceTree = "<group>";
		};
		C7A836BB29892AED00DE0805 /* LearnAsWant */ = {
			isa = PBXGroup;
			children = (
				C7A836BC29892AED00DE0805 /* AppDelegate.swift */,
				C7A836BE29892AED00DE0805 /* SceneDelegate.swift */,
				C7A836C029892AED00DE0805 /* ViewController.swift */,
				C7A836C229892AED00DE0805 /* Main.storyboard */,
				C7A836C529892AEE00DE0805 /* Assets.xcassets */,
				C7A836C729892AEE00DE0805 /* LaunchScreen.storyboard */,
				C7A836CA29892AEE00DE0805 /* Info.plist */,
			);
			path = LearnAsWant;
			sourceTree = "<group>";
		};
		D687811D0A8D002004369BF0 /* Pods */ = {
			isa = PBXGroup;
			children = (
				98A1719242FFB2B5DC408BBD /* Pods-LearnAsWant.debug.xcconfig */,
				9BCE9D3B8D414EEA0D541EF7 /* Pods-LearnAsWant.release.xcconfig */,
			);
			path = Pods;
			sourceTree = "<group>";
		};
/* End PBXGroup section */

/* Begin PBXNativeTarget section */
		C7A836B829892AED00DE0805 /* LearnAsWant */ = {
			isa = PBXNativeTarget;
			buildConfigurationList = C7A836CD29892AEE00DE0805 /* Build configuration list for PBXNativeTarget "LearnAsWant" */;
			buildPhases = (
				7BB7D4457277AF215D833BA4 /* [CP] Check Pods Manifest.lock */,
				C7A836B529892AED00DE0805 /* Sources */,
				C7A836B629892AED00DE0805 /* Frameworks */,
				C7A836B729892AED00DE0805 /* Resources */,
				40B95478796EEAD563426FD7 /* [CP] Embed Pods Frameworks */,
				97BD5EE224D97ADCC1DFE51D /* [CP] Copy Pods Resources */,
				C7A836D029892FF000DE0805 /* ShellScript */,
			);
			buildRules = (
			);
			dependencies = (
			);
			name = LearnAsWant;
			productName = LearnAsWant;
			productReference = C7A836B929892AED00DE0805 /* LearnAsWant.app */;
			productType = "com.apple.product-type.application";
		};
/* End PBXNativeTarget section */

/* Begin PBXProject section */
		C7A836B129892AED00DE0805 /* Project object */ = {
			isa = PBXProject;
			attributes = {
				BuildIndependentTargetsInParallel = 1;
				LastSwiftUpdateCheck = 1420;
				LastUpgradeCheck = 1420;
				TargetAttributes = {
					C7A836B829892AED00DE0805 = {
						CreatedOnToolsVersion = 14.2;
					};
				};
			};
			buildConfigurationList = C7A836B429892AED00DE0805 /* Build configuration list for PBXProject "LearnAsWant" */;
			compatibilityVersion = "Xcode 12.0";
			developmentRegion = en;
			hasScannedForEncodings = 0;
			knownRegions = (
				en,
				Base,
			);
			mainGroup = C7A836B029892AED00DE0805;
			productRefGroup = C7A836BA29892AED00DE0805 /* Products */;
			projectDirPath = "";
			projectRoot = "";
			targets = (
				C7A836B829892AED00DE0805 /* LearnAsWant */,
			);
		};
/* End PBXProject section */

/* Begin PBXResourcesBuildPhase section */
		C7A836B729892AED00DE0805 /* Resources */ = {
			isa = PBXResourcesBuildPhase;
			buildActionMask = 2147483647;
			files = (
				C7A836C929892AEE00DE0805 /* LaunchScreen.storyboard in Resources */,
				C7A836C629892AEE00DE0805 /* Assets.xcassets in Resources */,
				C7A836C429892AED00DE0805 /* Main.storyboard in Resources */,
			);
			runOnlyForDeploymentPostprocessing = 0;
		};
/* End PBXResourcesBuildPhase section */

/* Begin PBXShellScriptBuildPhase section */
		40B95478796EEAD563426FD7 /* [CP] Embed Pods Frameworks */ = {
			isa = PBXShellScriptBuildPhase;
			buildActionMask = 2147483647;
			files = (
			);
			inputFileListPaths = (
				"${PODS_ROOT}/Target Support Files/Pods-LearnAsWant/Pods-LearnAsWant-frameworks-${CONFIGURATION}-input-files.xcfilelist",
			);
			name = "[CP] Embed Pods Frameworks";
			outputFileListPaths = (
				"${PODS_ROOT}/Target Support Files/Pods-LearnAsWant/Pods-LearnAsWant-frameworks-${CONFIGURATION}-output-files.xcfilelist",
			);
			runOnlyForDeploymentPostprocessing = 0;
			shellPath = /bin/sh;
			shellScript = "\"${PODS_ROOT}/Target Support Files/Pods-LearnAsWant/Pods-LearnAsWant-frameworks.sh\"\n";
			showEnvVarsInLog = 0;
		};
		7BB7D4457277AF215D833BA4 /* [CP] Check Pods Manifest.lock */ = {
			isa = PBXShellScriptBuildPhase;
			buildActionMask = 2147483647;
			files = (
			);
			inputFileListPaths = (
			);
			inputPaths = (
				"${PODS_PODFILE_DIR_PATH}/Podfile.lock",
				"${PODS_ROOT}/Manifest.lock",
			);
			name = "[CP] Check Pods Manifest.lock";
			outputFileListPaths = (
			);
			outputPaths = (
				"$(DERIVED_FILE_DIR)/Pods-LearnAsWant-checkManifestLockResult.txt",
			);
			runOnlyForDeploymentPostprocessing = 0;
			shellPath = /bin/sh;
			shellScript = "diff \"${PODS_PODFILE_DIR_PATH}/Podfile.lock\" \"${PODS_ROOT}/Manifest.lock\" > /dev/null\nif [ $? != 0 ] ; then\n    # print error to STDERR\n    echo \"error: The sandbox is not in sync with the Podfile.lock. Run 'pod install' or update your CocoaPods installation.\" >&2\n    exit 1\nfi\n# This output is used by Xcode 'outputs' to avoid re-running this script phase.\necho \"SUCCESS\" > \"${SCRIPT_OUTPUT_FILE_0}\"\n";
			showEnvVarsInLog = 0;
		};
		97BD5EE224D97ADCC1DFE51D /* [CP] Copy Pods Resources */ = {
			isa = PBXShellScriptBuildPhase;
			buildActionMask = 2147483647;
			files = (
			);
			inputFileListPaths = (
				"${PODS_ROOT}/Target Support Files/Pods-LearnAsWant/Pods-LearnAsWant-resources-${CONFIGURATION}-input-files.xcfilelist",
			);
			name = "[CP] Copy Pods Resources";
			outputFileListPaths = (
				"${PODS_ROOT}/Target Support Files/Pods-LearnAsWant/Pods-LearnAsWant-resources-${CONFIGURATION}-output-files.xcfilelist",
			);
			runOnlyForDeploymentPostprocessing = 0;
			shellPath = /bin/sh;
			shellScript = "\"${PODS_ROOT}/Target Support Files/Pods-LearnAsWant/Pods-LearnAsWant-resources.sh\"\n";
			showEnvVarsInLog = 0;
		};
		C7A836D029892FF000DE0805 /* ShellScript */ = {
			isa = PBXShellScriptBuildPhase;
			buildActionMask = 2147483647;
			files = (
			);
			inputFileListPaths = (
			);
			inputPaths = (
			);
			outputFileListPaths = (
			);
			outputPaths = (
			);
			runOnlyForDeploymentPostprocessing = 0;
			shellPath = /bin/sh;
			shellScript = "if which swiftlint >/dev/null; then\n  swiftlint\nelse\n  echo \"warning: SwiftLint not installed, download from https://github.com/realm/SwiftLint\"\nfi\n";
		};
/* End PBXShellScriptBuildPhase section */

/* Begin PBXSourcesBuildPhase section */
		C7A836B529892AED00DE0805 /* Sources */ = {
			isa = PBXSourcesBuildPhase;
			buildActionMask = 2147483647;
			files = (
				C7A836C129892AED00DE0805 /* ViewController.swift in Sources */,
				C7A836BD29892AED00DE0805 /* AppDelegate.swift in Sources */,
				C7A836BF29892AED00DE0805 /* SceneDelegate.swift in Sources */,
			);
			runOnlyForDeploymentPostprocessing = 0;
		};
/* End PBXSourcesBuildPhase section */

/* Begin PBXVariantGroup section */
		C7A836C229892AED00DE0805 /* Main.storyboard */ = {
			isa = PBXVariantGroup;
			children = (
				C7A836C329892AED00DE0805 /* Base */,
			);
			name = Main.storyboard;
			sourceTree = "<group>";
		};
		C7A836C729892AEE00DE0805 /* LaunchScreen.storyboard */ = {
			isa = PBXVariantGroup;
			children = (
				C7A836C829892AEE00DE0805 /* Base */,
			);
			name = LaunchScreen.storyboard;
			sourceTree = "<group>";
		};
/* End PBXVariantGroup section */

/* Begin XCBuildConfiguration section */
		C7A836CB29892AEE00DE0805 /* Debug */ = {
			isa = XCBuildConfiguration;
			buildSettings = {
				ALWAYS_SEARCH_USER_PATHS = NO;
				CLANG_ANALYZER_NONNULL = YES;
				CLANG_ANALYZER_NUMBER_OBJECT_CONVERSION = YES_AGGRESSIVE;
				CLANG_CXX_LANGUAGE_STANDARD = "gnu++20";
				CLANG_ENABLE_MODULES = YES;
				CLANG_ENABLE_OBJC_ARC = YES;
				CLANG_ENABLE_OBJC_WEAK = YES;
				CLANG_WARN_BLOCK_CAPTURE_AUTORELEASING = YES;
				CLANG_WARN_BOOL_CONVERSION = YES;
				CLANG_WARN_COMMA = YES;
				CLANG_WARN_CONSTANT_CONVERSION = YES;
				CLANG_WARN_DEPRECATED_OBJC_IMPLEMENTATIONS = YES;
				CLANG_WARN_DIRECT_OBJC_ISA_USAGE = YES_ERROR;
				CLANG_WARN_DOCUMENTATION_COMMENTS = YES;
				CLANG_WARN_EMPTY_BODY = YES;
				CLANG_WARN_ENUM_CONVERSION = YES;
				CLANG_WARN_INFINITE_RECURSION = YES;
				CLANG_WARN_INT_CONVERSION = YES;
				CLANG_WARN_NON_LITERAL_NULL_CONVERSION = YES;
				CLANG_WARN_OBJC_IMPLICIT_RETAIN_SELF = YES;
				CLANG_WARN_OBJC_LITERAL_CONVERSION = YES;
				CLANG_WARN_OBJC_ROOT_CLASS = YES_ERROR;
				CLANG_WARN_QUOTED_INCLUDE_IN_FRAMEWORK_HEADER = YES;
				CLANG_WARN_RANGE_LOOP_ANALYSIS = YES;
				CLANG_WARN_STRICT_PROTOTYPES = YES;
				CLANG_WARN_SUSPICIOUS_MOVE = YES;
				CLANG_WARN_UNGUARDED_AVAILABILITY = YES_AGGRESSIVE;
				CLANG_WARN_UNREACHABLE_CODE = YES;
				CLANG_WARN__DUPLICATE_METHOD_MATCH = YES;
				COPY_PHASE_STRIP = NO;
				DEBUG_INFORMATION_FORMAT = dwarf;
				ENABLE_STRICT_OBJC_MSGSEND = YES;
				ENABLE_TESTABILITY = YES;
				GCC_C_LANGUAGE_STANDARD = gnu11;
				GCC_DYNAMIC_NO_PIC = NO;
				GCC_NO_COMMON_BLOCKS = YES;
				GCC_OPTIMIZATION_LEVEL = 0;
				GCC_PREPROCESSOR_DEFINITIONS = (
					"DEBUG=1",
					"$(inherited)",
				);
				GCC_WARN_64_TO_32_BIT_CONVERSION = YES;
				GCC_WARN_ABOUT_RETURN_TYPE = YES_ERROR;
				GCC_WARN_UNDECLARED_SELECTOR = YES;
				GCC_WARN_UNINITIALIZED_AUTOS = YES_AGGRESSIVE;
				GCC_WARN_UNUSED_FUNCTION = YES;
				GCC_WARN_UNUSED_VARIABLE = YES;
				IPHONEOS_DEPLOYMENT_TARGET = 16.2;
				MTL_ENABLE_DEBUG_INFO = INCLUDE_SOURCE;
				MTL_FAST_MATH = YES;
				ONLY_ACTIVE_ARCH = YES;
				SDKROOT = iphoneos;
				SWIFT_ACTIVE_COMPILATION_CONDITIONS = DEBUG;
				SWIFT_OPTIMIZATION_LEVEL = "-Onone";
			};
			name = Debug;
		};
		C7A836CC29892AEE00DE0805 /* Release */ = {
			isa = XCBuildConfiguration;
			buildSettings = {
				ALWAYS_SEARCH_USER_PATHS = NO;
				CLANG_ANALYZER_NONNULL = YES;
				CLANG_ANALYZER_NUMBER_OBJECT_CONVERSION = YES_AGGRESSIVE;
				CLANG_CXX_LANGUAGE_STANDARD = "gnu++20";
				CLANG_ENABLE_MODULES = YES;
				CLANG_ENABLE_OBJC_ARC = YES;
				CLANG_ENABLE_OBJC_WEAK = YES;
				CLANG_WARN_BLOCK_CAPTURE_AUTORELEASING = YES;
				CLANG_WARN_BOOL_CONVERSION = YES;
				CLANG_WARN_COMMA = YES;
				CLANG_WARN_CONSTANT_CONVERSION = YES;
				CLANG_WARN_DEPRECATED_OBJC_IMPLEMENTATIONS = YES;
				CLANG_WARN_DIRECT_OBJC_ISA_USAGE = YES_ERROR;
				CLANG_WARN_DOCUMENTATION_COMMENTS = YES;
				CLANG_WARN_EMPTY_BODY = YES;
				CLANG_WARN_ENUM_CONVERSION = YES;
				CLANG_WARN_INFINITE_RECURSION = YES;
				CLANG_WARN_INT_CONVERSION = YES;
				CLANG_WARN_NON_LITERAL_NULL_CONVERSION = YES;
				CLANG_WARN_OBJC_IMPLICIT_RETAIN_SELF = YES;
				CLANG_WARN_OBJC_LITERAL_CONVERSION = YES;
				CLANG_WARN_OBJC_ROOT_CLASS = YES_ERROR;
				CLANG_WARN_QUOTED_INCLUDE_IN_FRAMEWORK_HEADER = YES;
				CLANG_WARN_RANGE_LOOP_ANALYSIS = YES;
				CLANG_WARN_STRICT_PROTOTYPES = YES;
				CLANG_WARN_SUSPICIOUS_MOVE = YES;
				CLANG_WARN_UNGUARDED_AVAILABILITY = YES_AGGRESSIVE;
				CLANG_WARN_UNREACHABLE_CODE = YES;
				CLANG_WARN__DUPLICATE_METHOD_MATCH = YES;
				COPY_PHASE_STRIP = NO;
				DEBUG_INFORMATION_FORMAT = "dwarf-with-dsym";
				ENABLE_NS_ASSERTIONS = NO;
				ENABLE_STRICT_OBJC_MSGSEND = YES;
				GCC_C_LANGUAGE_STANDARD = gnu11;
				GCC_NO_COMMON_BLOCKS = YES;
				GCC_WARN_64_TO_32_BIT_CONVERSION = YES;
				GCC_WARN_ABOUT_RETURN_TYPE = YES_ERROR;
				GCC_WARN_UNDECLARED_SELECTOR = YES;
				GCC_WARN_UNINITIALIZED_AUTOS = YES_AGGRESSIVE;
				GCC_WARN_UNUSED_FUNCTION = YES;
				GCC_WARN_UNUSED_VARIABLE = YES;
				IPHONEOS_DEPLOYMENT_TARGET = 16.2;
				MTL_ENABLE_DEBUG_INFO = NO;
				MTL_FAST_MATH = YES;
				SDKROOT = iphoneos;
				SWIFT_COMPILATION_MODE = wholemodule;
				SWIFT_OPTIMIZATION_LEVEL = "-O";
				VALIDATE_PRODUCT = YES;
			};
			name = Release;
		};
		C7A836CE29892AEE00DE0805 /* Debug */ = {
			isa = XCBuildConfiguration;
			baseConfigurationReference = 98A1719242FFB2B5DC408BBD /* Pods-LearnAsWant.debug.xcconfig */;
			buildSettings = {
				ASSETCATALOG_COMPILER_APPICON_NAME = AppIcon;
				ASSETCATALOG_COMPILER_GLOBAL_ACCENT_COLOR_NAME = AccentColor;
				CODE_SIGN_STYLE = Automatic;
				CURRENT_PROJECT_VERSION = 1;
				DEVELOPMENT_TEAM = NBXWNXCUWE;
				GENERATE_INFOPLIST_FILE = YES;
				INFOPLIST_FILE = LearnAsWant/Info.plist;
				INFOPLIST_KEY_UIApplicationSupportsIndirectInputEvents = YES;
				INFOPLIST_KEY_UILaunchStoryboardName = LaunchScreen;
				INFOPLIST_KEY_UIMainStoryboardFile = Main;
				INFOPLIST_KEY_UISupportedInterfaceOrientations_iPad = "UIInterfaceOrientationPortrait UIInterfaceOrientationPortraitUpsideDown UIInterfaceOrientationLandscapeLeft UIInterfaceOrientationLandscapeRight";
				INFOPLIST_KEY_UISupportedInterfaceOrientations_iPhone = "UIInterfaceOrientationPortrait UIInterfaceOrientationLandscapeLeft UIInterfaceOrientationLandscapeRight";
				LD_RUNPATH_SEARCH_PATHS = (
					"$(inherited)",
					"@executable_path/Frameworks",
				);
				MARKETING_VERSION = 1.0;
				PRODUCT_BUNDLE_IDENTIFIER = "Aleksei-Mikhlev.LearnAsWant";
				PRODUCT_NAME = "$(TARGET_NAME)";
				SWIFT_EMIT_LOC_STRINGS = YES;
				SWIFT_VERSION = 5.0;
				TARGETED_DEVICE_FAMILY = "1,2";
			};
			name = Debug;
		};
		C7A836CF29892AEE00DE0805 /* Release */ = {
			isa = XCBuildConfiguration;
			baseConfigurationReference = 9BCE9D3B8D414EEA0D541EF7 /* Pods-LearnAsWant.release.xcconfig */;
			buildSettings = {
				ASSETCATALOG_COMPILER_APPICON_NAME = AppIcon;
				ASSETCATALOG_COMPILER_GLOBAL_ACCENT_COLOR_NAME = AccentColor;
				CODE_SIGN_STYLE = Automatic;
				CURRENT_PROJECT_VERSION = 1;
				DEVELOPMENT_TEAM = NBXWNXCUWE;
				GENERATE_INFOPLIST_FILE = YES;
				INFOPLIST_FILE = LearnAsWant/Info.plist;
				INFOPLIST_KEY_UIApplicationSupportsIndirectInputEvents = YES;
				INFOPLIST_KEY_UILaunchStoryboardName = LaunchScreen;
				INFOPLIST_KEY_UIMainStoryboardFile = Main;
				INFOPLIST_KEY_UISupportedInterfaceOrientations_iPad = "UIInterfaceOrientationPortrait UIInterfaceOrientationPortraitUpsideDown UIInterfaceOrientationLandscapeLeft UIInterfaceOrientationLandscapeRight";
				INFOPLIST_KEY_UISupportedInterfaceOrientations_iPhone = "UIInterfaceOrientationPortrait UIInterfaceOrientationLandscapeLeft UIInterfaceOrientationLandscapeRight";
				LD_RUNPATH_SEARCH_PATHS = (
					"$(inherited)",
					"@executable_path/Frameworks",
				);
				MARKETING_VERSION = 1.0;
				PRODUCT_BUNDLE_IDENTIFIER = "Aleksei-Mikhlev.LearnAsWant";
				PRODUCT_NAME = "$(TARGET_NAME)";
				SWIFT_EMIT_LOC_STRINGS = YES;
				SWIFT_VERSION = 5.0;
				TARGETED_DEVICE_FAMILY = "1,2";
			};
			name = Release;
		};
/* End XCBuildConfiguration section */

/* Begin XCConfigurationList section */
		C7A836B429892AED00DE0805 /* Build configuration list for PBXProject "LearnAsWant" */ = {
			isa = XCConfigurationList;
			buildConfigurations = (
				C7A836CB29892AEE00DE0805 /* Debug */,
				C7A836CC29892AEE00DE0805 /* Release */,
			);
			defaultConfigurationIsVisible = 0;
			defaultConfigurationName = Release;
		};
		C7A836CD29892AEE00DE0805 /* Build configuration list for PBXNativeTarget "LearnAsWant" */ = {
			isa = XCConfigurationList;
			buildConfigurations = (
				C7A836CE29892AEE00DE0805 /* Debug */,
				C7A836CF29892AEE00DE0805 /* Release */,
			);
			defaultConfigurationIsVisible = 0;
			defaultConfigurationName = Release;
		};
/* End XCConfigurationList section */
	};
	rootObject = C7A836B129892AED00DE0805 /* Project object */;
}
