// !$*UTF8*$!
{
	archiveVersion = 1;
	classes = {
	};
	objectVersion = 55;
	objects = {

/* Begin PBXBuildFile section */
		94B01A1C74104AA871A0F3C7 /* Pods_LearnAsWant.framework in Frameworks */ = {isa = PBXBuildFile; fileRef = 9A5CEB63F7EB6DEEDB9C58F6 /* Pods_LearnAsWant.framework */; };
		C722D17329899E8400347F1E /* MainScreenPresenter.swift in Sources */ = {isa = PBXBuildFile; fileRef = C722D16F29899E8400347F1E /* MainScreenPresenter.swift */; };
		C722D17429899E8400347F1E /* MainScreenRouter.swift in Sources */ = {isa = PBXBuildFile; fileRef = C722D17029899E8400347F1E /* MainScreenRouter.swift */; };
		C722D17529899E8400347F1E /* MainScreenViewController.swift in Sources */ = {isa = PBXBuildFile; fileRef = C722D17129899E8400347F1E /* MainScreenViewController.swift */; };
		C722D17629899E8400347F1E /* MainScreenAssembly.swift in Sources */ = {isa = PBXBuildFile; fileRef = C722D17229899E8400347F1E /* MainScreenAssembly.swift */; };
		C79C8FD9298BD2A4007E2AB5 /* AddTranslatePresenter.swift in Sources */ = {isa = PBXBuildFile; fileRef = C79C8FD5298BD2A4007E2AB5 /* AddTranslatePresenter.swift */; };
		C79C8FDA298BD2A4007E2AB5 /* AddTranslateRouter.swift in Sources */ = {isa = PBXBuildFile; fileRef = C79C8FD6298BD2A4007E2AB5 /* AddTranslateRouter.swift */; };
		C79C8FDB298BD2A4007E2AB5 /* AddTranslateViewController.swift in Sources */ = {isa = PBXBuildFile; fileRef = C79C8FD7298BD2A4007E2AB5 /* AddTranslateViewController.swift */; };
		C79C8FDC298BD2A4007E2AB5 /* AddTranslateAssembly.swift in Sources */ = {isa = PBXBuildFile; fileRef = C79C8FD8298BD2A4007E2AB5 /* AddTranslateAssembly.swift */; };
		C79C8FE2298C0EC0007E2AB5 /* LanguagesPresenter.swift in Sources */ = {isa = PBXBuildFile; fileRef = C79C8FDE298C0EC0007E2AB5 /* LanguagesPresenter.swift */; };
		C79C8FE3298C0EC0007E2AB5 /* LanguagesRouter.swift in Sources */ = {isa = PBXBuildFile; fileRef = C79C8FDF298C0EC0007E2AB5 /* LanguagesRouter.swift */; };
		C79C8FE4298C0EC0007E2AB5 /* LanguagesViewController.swift in Sources */ = {isa = PBXBuildFile; fileRef = C79C8FE0298C0EC0007E2AB5 /* LanguagesViewController.swift */; };
		C79C8FE5298C0EC0007E2AB5 /* LanguagesAssembly.swift in Sources */ = {isa = PBXBuildFile; fileRef = C79C8FE1298C0EC0007E2AB5 /* LanguagesAssembly.swift */; };
		C79C8FE9298C18B5007E2AB5 /* UIView+Extensions.swift in Sources */ = {isa = PBXBuildFile; fileRef = C79C8FE8298C18B5007E2AB5 /* UIView+Extensions.swift */; };
		C79C8FED298C1935007E2AB5 /* PTableViewCellModel.swift in Sources */ = {isa = PBXBuildFile; fileRef = C79C8FEC298C1935007E2AB5 /* PTableViewCellModel.swift */; };
		C79C8FF0298C1D67007E2AB5 /* LanguageCellModel.swift in Sources */ = {isa = PBXBuildFile; fileRef = C79C8FEF298C1D67007E2AB5 /* LanguageCellModel.swift */; };
		C79C8FF2298C2071007E2AB5 /* UITableView+Extensions.swift in Sources */ = {isa = PBXBuildFile; fileRef = C79C8FF1298C2071007E2AB5 /* UITableView+Extensions.swift */; };
		C79C8FF4298C2420007E2AB5 /* LanguageCell.swift in Sources */ = {isa = PBXBuildFile; fileRef = C79C8FF3298C2420007E2AB5 /* LanguageCell.swift */; };
		C79C8FF8298CF7CF007E2AB5 /* TranslationModel.swift in Sources */ = {isa = PBXBuildFile; fileRef = C79C8FF7298CF7CF007E2AB5 /* TranslationModel.swift */; };
		C79C8FFA298CFDDD007E2AB5 /* UserDefaults+Extensions.swift in Sources */ = {isa = PBXBuildFile; fileRef = C79C8FF9298CFDDD007E2AB5 /* UserDefaults+Extensions.swift */; };
		C79C8FFC298D002D007E2AB5 /* CardModel.swift in Sources */ = {isa = PBXBuildFile; fileRef = C79C8FFB298D002D007E2AB5 /* CardModel.swift */; };
		C79C8FFF298D17E9007E2AB5 /* TranslatedCardCellModel.swift in Sources */ = {isa = PBXBuildFile; fileRef = C79C8FFE298D17E9007E2AB5 /* TranslatedCardCellModel.swift */; };
		C79C9001298D1803007E2AB5 /* TranslatedCardCell.swift in Sources */ = {isa = PBXBuildFile; fileRef = C79C9000298D1803007E2AB5 /* TranslatedCardCell.swift */; };
		C79C9003298D648A007E2AB5 /* Strings.swift in Sources */ = {isa = PBXBuildFile; fileRef = C79C9002298D648A007E2AB5 /* Strings.swift */; };
		C79C9006298D6750007E2AB5 /* NotificationService.swift in Sources */ = {isa = PBXBuildFile; fileRef = C79C9005298D6750007E2AB5 /* NotificationService.swift */; };
		C7A836BD29892AED00DE0805 /* AppDelegate.swift in Sources */ = {isa = PBXBuildFile; fileRef = C7A836BC29892AED00DE0805 /* AppDelegate.swift */; };
		C7A836BF29892AED00DE0805 /* SceneDelegate.swift in Sources */ = {isa = PBXBuildFile; fileRef = C7A836BE29892AED00DE0805 /* SceneDelegate.swift */; };
		C7A836C629892AEE00DE0805 /* Assets.xcassets in Resources */ = {isa = PBXBuildFile; fileRef = C7A836C529892AEE00DE0805 /* Assets.xcassets */; };
		C7A836C929892AEE00DE0805 /* LaunchScreen.storyboard in Resources */ = {isa = PBXBuildFile; fileRef = C7A836C729892AEE00DE0805 /* LaunchScreen.storyboard */; };
/* End PBXBuildFile section */

/* Begin PBXFileReference section */
		9A5CEB63F7EB6DEEDB9C58F6 /* Pods_LearnAsWant.framework */ = {isa = PBXFileReference; explicitFileType = wrapper.framework; includeInIndex = 0; path = Pods_LearnAsWant.framework; sourceTree = BUILT_PRODUCTS_DIR; };
		C722D16F29899E8400347F1E /* MainScreenPresenter.swift */ = {isa = PBXFileReference; lastKnownFileType = sourcecode.swift; path = MainScreenPresenter.swift; sourceTree = "<group>"; };
		C722D17029899E8400347F1E /* MainScreenRouter.swift */ = {isa = PBXFileReference; lastKnownFileType = sourcecode.swift; path = MainScreenRouter.swift; sourceTree = "<group>"; };
		C722D17129899E8400347F1E /* MainScreenViewController.swift */ = {isa = PBXFileReference; lastKnownFileType = sourcecode.swift; path = MainScreenViewController.swift; sourceTree = "<group>"; };
		C722D17229899E8400347F1E /* MainScreenAssembly.swift */ = {isa = PBXFileReference; lastKnownFileType = sourcecode.swift; path = MainScreenAssembly.swift; sourceTree = "<group>"; };
		C79C8FD5298BD2A4007E2AB5 /* AddTranslatePresenter.swift */ = {isa = PBXFileReference; lastKnownFileType = sourcecode.swift; path = AddTranslatePresenter.swift; sourceTree = "<group>"; };
		C79C8FD6298BD2A4007E2AB5 /* AddTranslateRouter.swift */ = {isa = PBXFileReference; lastKnownFileType = sourcecode.swift; path = AddTranslateRouter.swift; sourceTree = "<group>"; };
		C79C8FD7298BD2A4007E2AB5 /* AddTranslateViewController.swift */ = {isa = PBXFileReference; lastKnownFileType = sourcecode.swift; path = AddTranslateViewController.swift; sourceTree = "<group>"; };
		C79C8FD8298BD2A4007E2AB5 /* AddTranslateAssembly.swift */ = {isa = PBXFileReference; lastKnownFileType = sourcecode.swift; path = AddTranslateAssembly.swift; sourceTree = "<group>"; };
		C79C8FDE298C0EC0007E2AB5 /* LanguagesPresenter.swift */ = {isa = PBXFileReference; lastKnownFileType = sourcecode.swift; path = LanguagesPresenter.swift; sourceTree = "<group>"; };
		C79C8FDF298C0EC0007E2AB5 /* LanguagesRouter.swift */ = {isa = PBXFileReference; lastKnownFileType = sourcecode.swift; path = LanguagesRouter.swift; sourceTree = "<group>"; };
		C79C8FE0298C0EC0007E2AB5 /* LanguagesViewController.swift */ = {isa = PBXFileReference; lastKnownFileType = sourcecode.swift; path = LanguagesViewController.swift; sourceTree = "<group>"; };
		C79C8FE1298C0EC0007E2AB5 /* LanguagesAssembly.swift */ = {isa = PBXFileReference; lastKnownFileType = sourcecode.swift; path = LanguagesAssembly.swift; sourceTree = "<group>"; };
		C79C8FE8298C18B5007E2AB5 /* UIView+Extensions.swift */ = {isa = PBXFileReference; lastKnownFileType = sourcecode.swift; path = "UIView+Extensions.swift"; sourceTree = "<group>"; };
		C79C8FEC298C1935007E2AB5 /* PTableViewCellModel.swift */ = {isa = PBXFileReference; lastKnownFileType = sourcecode.swift; path = PTableViewCellModel.swift; sourceTree = "<group>"; };
		C79C8FEF298C1D67007E2AB5 /* LanguageCellModel.swift */ = {isa = PBXFileReference; lastKnownFileType = sourcecode.swift; path = LanguageCellModel.swift; sourceTree = "<group>"; };
		C79C8FF1298C2071007E2AB5 /* UITableView+Extensions.swift */ = {isa = PBXFileReference; lastKnownFileType = sourcecode.swift; path = "UITableView+Extensions.swift"; sourceTree = "<group>"; };
		C79C8FF3298C2420007E2AB5 /* LanguageCell.swift */ = {isa = PBXFileReference; lastKnownFileType = sourcecode.swift; path = LanguageCell.swift; sourceTree = "<group>"; };
		C79C8FF7298CF7CF007E2AB5 /* TranslationModel.swift */ = {isa = PBXFileReference; lastKnownFileType = sourcecode.swift; path = TranslationModel.swift; sourceTree = "<group>"; };
		C79C8FF9298CFDDD007E2AB5 /* UserDefaults+Extensions.swift */ = {isa = PBXFileReference; lastKnownFileType = sourcecode.swift; path = "UserDefaults+Extensions.swift"; sourceTree = "<group>"; };
		C79C8FFB298D002D007E2AB5 /* CardModel.swift */ = {isa = PBXFileReference; lastKnownFileType = sourcecode.swift; path = CardModel.swift; sourceTree = "<group>"; };
		C79C8FFE298D17E9007E2AB5 /* TranslatedCardCellModel.swift */ = {isa = PBXFileReference; lastKnownFileType = sourcecode.swift; path = TranslatedCardCellModel.swift; sourceTree = "<group>"; };
		C79C9000298D1803007E2AB5 /* TranslatedCardCell.swift */ = {isa = PBXFileReference; lastKnownFileType = sourcecode.swift; path = TranslatedCardCell.swift; sourceTree = "<group>"; };
		C79C9002298D648A007E2AB5 /* Strings.swift */ = {isa = PBXFileReference; lastKnownFileType = sourcecode.swift; path = Strings.swift; sourceTree = "<group>"; };
		C79C9005298D6750007E2AB5 /* NotificationService.swift */ = {isa = PBXFileReference; lastKnownFileType = sourcecode.swift; path = NotificationService.swift; sourceTree = "<group>"; };
		C7A836B929892AED00DE0805 /* LearnAsWant.app */ = {isa = PBXFileReference; explicitFileType = wrapper.application; includeInIndex = 0; path = LearnAsWant.app; sourceTree = BUILT_PRODUCTS_DIR; };
		C7A836BC29892AED00DE0805 /* AppDelegate.swift */ = {isa = PBXFileReference; lastKnownFileType = sourcecode.swift; path = AppDelegate.swift; sourceTree = "<group>"; };
		C7A836BE29892AED00DE0805 /* SceneDelegate.swift */ = {isa = PBXFileReference; lastKnownFileType = sourcecode.swift; path = SceneDelegate.swift; sourceTree = "<group>"; };
		C7A836C529892AEE00DE0805 /* Assets.xcassets */ = {isa = PBXFileReference; lastKnownFileType = folder.assetcatalog; path = Assets.xcassets; sourceTree = "<group>"; };
		C7A836C829892AEE00DE0805 /* Base */ = {isa = PBXFileReference; lastKnownFileType = file.storyboard; name = Base; path = Base.lproj/LaunchScreen.storyboard; sourceTree = "<group>"; };
		C7A836CA29892AEE00DE0805 /* Info.plist */ = {isa = PBXFileReference; lastKnownFileType = text.plist.xml; path = Info.plist; sourceTree = "<group>"; };
		CC405EF3C2660E8737C33142 /* Pods-LearnAsWant.release.xcconfig */ = {isa = PBXFileReference; includeInIndex = 1; lastKnownFileType = text.xcconfig; name = "Pods-LearnAsWant.release.xcconfig"; path = "Target Support Files/Pods-LearnAsWant/Pods-LearnAsWant.release.xcconfig"; sourceTree = "<group>"; };
		D755E2A0C9DC4BD0FA5B8743 /* Pods-LearnAsWant.debug.xcconfig */ = {isa = PBXFileReference; includeInIndex = 1; lastKnownFileType = text.xcconfig; name = "Pods-LearnAsWant.debug.xcconfig"; path = "Target Support Files/Pods-LearnAsWant/Pods-LearnAsWant.debug.xcconfig"; sourceTree = "<group>"; };
/* End PBXFileReference section */

/* Begin PBXFrameworksBuildPhase section */
		C7A836B629892AED00DE0805 /* Frameworks */ = {
			isa = PBXFrameworksBuildPhase;
			buildActionMask = 2147483647;
			files = (
				94B01A1C74104AA871A0F3C7 /* Pods_LearnAsWant.framework in Frameworks */,
			);
			runOnlyForDeploymentPostprocessing = 0;
		};
/* End PBXFrameworksBuildPhase section */

/* Begin PBXGroup section */
		5D32F83EA4F3BA893B778DB3 /* Frameworks */ = {
			isa = PBXGroup;
			children = (
				9A5CEB63F7EB6DEEDB9C58F6 /* Pods_LearnAsWant.framework */,
			);
			name = Frameworks;
			sourceTree = "<group>";
		};
		C722D16E29899E7300347F1E /* MainScreen */ = {
			isa = PBXGroup;
			children = (
				C79C8FFD298D17CA007E2AB5 /* CellModels */,
				C79C8FD2298AB183007E2AB5 /* Cells */,
				C722D16F29899E8400347F1E /* MainScreenPresenter.swift */,
				C722D17029899E8400347F1E /* MainScreenRouter.swift */,
				C722D17129899E8400347F1E /* MainScreenViewController.swift */,
				C722D17229899E8400347F1E /* MainScreenAssembly.swift */,
			);
			path = MainScreen;
			sourceTree = "<group>";
		};
		C79C8FD2298AB183007E2AB5 /* Cells */ = {
			isa = PBXGroup;
			children = (
				C79C9000298D1803007E2AB5 /* TranslatedCardCell.swift */,
			);
			path = Cells;
			sourceTree = "<group>";
		};
		C79C8FD3298BD25E007E2AB5 /* Modules */ = {
			isa = PBXGroup;
			children = (
				C79C8FDD298C0E93007E2AB5 /* Languages */,
				C79C8FD4298BD275007E2AB5 /* AddTranslate */,
				C722D16E29899E7300347F1E /* MainScreen */,
			);
			path = Modules;
			sourceTree = "<group>";
		};
		C79C8FD4298BD275007E2AB5 /* AddTranslate */ = {
			isa = PBXGroup;
			children = (
				C79C8FD5298BD2A4007E2AB5 /* AddTranslatePresenter.swift */,
				C79C8FD6298BD2A4007E2AB5 /* AddTranslateRouter.swift */,
				C79C8FD7298BD2A4007E2AB5 /* AddTranslateViewController.swift */,
				C79C8FD8298BD2A4007E2AB5 /* AddTranslateAssembly.swift */,
			);
			path = AddTranslate;
			sourceTree = "<group>";
		};
		C79C8FDD298C0E93007E2AB5 /* Languages */ = {
			isa = PBXGroup;
			children = (
				C79C8FEE298C1D59007E2AB5 /* CellModels */,
				C79C8FE6298C0FDE007E2AB5 /* Cells */,
				C79C8FDE298C0EC0007E2AB5 /* LanguagesPresenter.swift */,
				C79C8FDF298C0EC0007E2AB5 /* LanguagesRouter.swift */,
				C79C8FE0298C0EC0007E2AB5 /* LanguagesViewController.swift */,
				C79C8FE1298C0EC0007E2AB5 /* LanguagesAssembly.swift */,
			);
			path = Languages;
			sourceTree = "<group>";
		};
		C79C8FE6298C0FDE007E2AB5 /* Cells */ = {
			isa = PBXGroup;
			children = (
				C79C8FF3298C2420007E2AB5 /* LanguageCell.swift */,
			);
			path = Cells;
			sourceTree = "<group>";
		};
		C79C8FE7298C1858007E2AB5 /* Extensions */ = {
			isa = PBXGroup;
			children = (
				C79C8FE8298C18B5007E2AB5 /* UIView+Extensions.swift */,
				C79C8FF1298C2071007E2AB5 /* UITableView+Extensions.swift */,
				C79C8FF9298CFDDD007E2AB5 /* UserDefaults+Extensions.swift */,
			);
			path = Extensions;
			sourceTree = "<group>";
		};
		C79C8FEA298C1916007E2AB5 /* Utils */ = {
			isa = PBXGroup;
			children = (
				C79C8FEB298C1921007E2AB5 /* Protocols */,
				C79C8FE7298C1858007E2AB5 /* Extensions */,
				C79C9002298D648A007E2AB5 /* Strings.swift */,
			);
			path = Utils;
			sourceTree = "<group>";
		};
		C79C8FEB298C1921007E2AB5 /* Protocols */ = {
			isa = PBXGroup;
			children = (
				C79C8FEC298C1935007E2AB5 /* PTableViewCellModel.swift */,
			);
			path = Protocols;
			sourceTree = "<group>";
		};
		C79C8FEE298C1D59007E2AB5 /* CellModels */ = {
			isa = PBXGroup;
			children = (
				C79C8FEF298C1D67007E2AB5 /* LanguageCellModel.swift */,
			);
			path = CellModels;
			sourceTree = "<group>";
		};
		C79C8FF6298CF7C5007E2AB5 /* Models */ = {
			isa = PBXGroup;
			children = (
				C79C8FF7298CF7CF007E2AB5 /* TranslationModel.swift */,
				C79C8FFB298D002D007E2AB5 /* CardModel.swift */,
			);
			path = Models;
			sourceTree = "<group>";
		};
		C79C8FFD298D17CA007E2AB5 /* CellModels */ = {
			isa = PBXGroup;
			children = (
				C79C8FFE298D17E9007E2AB5 /* TranslatedCardCellModel.swift */,
			);
			path = CellModels;
			sourceTree = "<group>";
		};
		C79C9004298D671E007E2AB5 /* Services */ = {
			isa = PBXGroup;
			children = (
				C79C9005298D6750007E2AB5 /* NotificationService.swift */,
			);
			path = Services;
			sourceTree = "<group>";
		};
		C7A836B029892AED00DE0805 = {
			isa = PBXGroup;
			children = (
				C7A836BB29892AED00DE0805 /* LearnAsWant */,
				C7A836BA29892AED00DE0805 /* Products */,
				D687811D0A8D002004369BF0 /* Pods */,
				5D32F83EA4F3BA893B778DB3 /* Frameworks */,
			);
			sourceTree = "<group>";
		};
		C7A836BA29892AED00DE0805 /* Products */ = {
			isa = PBXGroup;
			children = (
				C7A836B929892AED00DE0805 /* LearnAsWant.app */,
			);
			name = Products;
			sourceTree = "<group>";
		};
		C7A836BB29892AED00DE0805 /* LearnAsWant */ = {
			isa = PBXGroup;
			children = (
				C79C9004298D671E007E2AB5 /* Services */,
				C79C8FF6298CF7C5007E2AB5 /* Models */,
				C79C8FEA298C1916007E2AB5 /* Utils */,
				C79C8FD3298BD25E007E2AB5 /* Modules */,
				C7A836BC29892AED00DE0805 /* AppDelegate.swift */,
				C7A836BE29892AED00DE0805 /* SceneDelegate.swift */,
				C7A836C529892AEE00DE0805 /* Assets.xcassets */,
				C7A836C729892AEE00DE0805 /* LaunchScreen.storyboard */,
				C7A836CA29892AEE00DE0805 /* Info.plist */,
			);
			path = LearnAsWant;
			sourceTree = "<group>";
		};
		D687811D0A8D002004369BF0 /* Pods */ = {
			isa = PBXGroup;
			children = (
				D755E2A0C9DC4BD0FA5B8743 /* Pods-LearnAsWant.debug.xcconfig */,
				CC405EF3C2660E8737C33142 /* Pods-LearnAsWant.release.xcconfig */,
			);
			path = Pods;
			sourceTree = "<group>";
		};
/* End PBXGroup section */

/* Begin PBXNativeTarget section */
		C7A836B829892AED00DE0805 /* LearnAsWant */ = {
			isa = PBXNativeTarget;
			buildConfigurationList = C7A836CD29892AEE00DE0805 /* Build configuration list for PBXNativeTarget "LearnAsWant" */;
			buildPhases = (
				83C96CDA8CC3B320DC60EEF1 /* [CP] Check Pods Manifest.lock */,
				C7A836B529892AED00DE0805 /* Sources */,
				C7A836B629892AED00DE0805 /* Frameworks */,
				C7A836B729892AED00DE0805 /* Resources */,
				1410032CB7D6085ECEC34909 /* [CP] Embed Pods Frameworks */,
				84C4CD5C2A310060601E3121 /* [CP] Copy Pods Resources */,
			);
			buildRules = (
			);
			dependencies = (
			);
			name = LearnAsWant;
			productName = LearnAsWant;
			productReference = C7A836B929892AED00DE0805 /* LearnAsWant.app */;
			productType = "com.apple.product-type.application";
		};
/* End PBXNativeTarget section */

/* Begin PBXProject section */
		C7A836B129892AED00DE0805 /* Project object */ = {
			isa = PBXProject;
			attributes = {
				BuildIndependentTargetsInParallel = 1;
				LastSwiftUpdateCheck = 1420;
				LastUpgradeCheck = 1420;
				TargetAttributes = {
					C7A836B829892AED00DE0805 = {
						CreatedOnToolsVersion = 14.2;
					};
				};
			};
			buildConfigurationList = C7A836B429892AED00DE0805 /* Build configuration list for PBXProject "LearnAsWant" */;
			compatibilityVersion = "Xcode 13.0";
			developmentRegion = en;
			hasScannedForEncodings = 0;
			knownRegions = (
				en,
				Base,
			);
			mainGroup = C7A836B029892AED00DE0805;
			productRefGroup = C7A836BA29892AED00DE0805 /* Products */;
			projectDirPath = "";
			projectRoot = "";
			targets = (
				C7A836B829892AED00DE0805 /* LearnAsWant */,
			);
		};
/* End PBXProject section */

/* Begin PBXResourcesBuildPhase section */
		C7A836B729892AED00DE0805 /* Resources */ = {
			isa = PBXResourcesBuildPhase;
			buildActionMask = 2147483647;
			files = (
				C7A836C929892AEE00DE0805 /* LaunchScreen.storyboard in Resources */,
				C7A836C629892AEE00DE0805 /* Assets.xcassets in Resources */,
			);
			runOnlyForDeploymentPostprocessing = 0;
		};
/* End PBXResourcesBuildPhase section */

/* Begin PBXShellScriptBuildPhase section */
		1410032CB7D6085ECEC34909 /* [CP] Embed Pods Frameworks */ = {
			isa = PBXShellScriptBuildPhase;
			buildActionMask = 2147483647;
			files = (
			);
			inputFileListPaths = (
				"${PODS_ROOT}/Target Support Files/Pods-LearnAsWant/Pods-LearnAsWant-frameworks-${CONFIGURATION}-input-files.xcfilelist",
			);
			name = "[CP] Embed Pods Frameworks";
			outputFileListPaths = (
				"${PODS_ROOT}/Target Support Files/Pods-LearnAsWant/Pods-LearnAsWant-frameworks-${CONFIGURATION}-output-files.xcfilelist",
			);
			runOnlyForDeploymentPostprocessing = 0;
			shellPath = /bin/sh;
			shellScript = "\"${PODS_ROOT}/Target Support Files/Pods-LearnAsWant/Pods-LearnAsWant-frameworks.sh\"\n";
			showEnvVarsInLog = 0;
		};
		83C96CDA8CC3B320DC60EEF1 /* [CP] Check Pods Manifest.lock */ = {
			isa = PBXShellScriptBuildPhase;
			buildActionMask = 2147483647;
			files = (
			);
			inputFileListPaths = (
			);
			inputPaths = (
				"${PODS_PODFILE_DIR_PATH}/Podfile.lock",
				"${PODS_ROOT}/Manifest.lock",
			);
			name = "[CP] Check Pods Manifest.lock";
			outputFileListPaths = (
			);
			outputPaths = (
				"$(DERIVED_FILE_DIR)/Pods-LearnAsWant-checkManifestLockResult.txt",
			);
			runOnlyForDeploymentPostprocessing = 0;
			shellPath = /bin/sh;
			shellScript = "diff \"${PODS_PODFILE_DIR_PATH}/Podfile.lock\" \"${PODS_ROOT}/Manifest.lock\" > /dev/null\nif [ $? != 0 ] ; then\n    # print error to STDERR\n    echo \"error: The sandbox is not in sync with the Podfile.lock. Run 'pod install' or update your CocoaPods installation.\" >&2\n    exit 1\nfi\n# This output is used by Xcode 'outputs' to avoid re-running this script phase.\necho \"SUCCESS\" > \"${SCRIPT_OUTPUT_FILE_0}\"\n";
			showEnvVarsInLog = 0;
		};
		84C4CD5C2A310060601E3121 /* [CP] Copy Pods Resources */ = {
			isa = PBXShellScriptBuildPhase;
			buildActionMask = 2147483647;
			files = (
			);
			inputFileListPaths = (
				"${PODS_ROOT}/Target Support Files/Pods-LearnAsWant/Pods-LearnAsWant-resources-${CONFIGURATION}-input-files.xcfilelist",
			);
			name = "[CP] Copy Pods Resources";
			outputFileListPaths = (
				"${PODS_ROOT}/Target Support Files/Pods-LearnAsWant/Pods-LearnAsWant-resources-${CONFIGURATION}-output-files.xcfilelist",
			);
			runOnlyForDeploymentPostprocessing = 0;
			shellPath = /bin/sh;
			shellScript = "\"${PODS_ROOT}/Target Support Files/Pods-LearnAsWant/Pods-LearnAsWant-resources.sh\"\n";
			showEnvVarsInLog = 0;
		};
/* End PBXShellScriptBuildPhase section */

/* Begin PBXSourcesBuildPhase section */
		C7A836B529892AED00DE0805 /* Sources */ = {
			isa = PBXSourcesBuildPhase;
			buildActionMask = 2147483647;
			files = (
				C79C8FE3298C0EC0007E2AB5 /* LanguagesRouter.swift in Sources */,
				C79C8FFC298D002D007E2AB5 /* CardModel.swift in Sources */,
				C79C9006298D6750007E2AB5 /* NotificationService.swift in Sources */,
				C722D17629899E8400347F1E /* MainScreenAssembly.swift in Sources */,
				C79C8FDB298BD2A4007E2AB5 /* AddTranslateViewController.swift in Sources */,
				C79C8FE9298C18B5007E2AB5 /* UIView+Extensions.swift in Sources */,
				C79C8FFA298CFDDD007E2AB5 /* UserDefaults+Extensions.swift in Sources */,
				C722D17329899E8400347F1E /* MainScreenPresenter.swift in Sources */,
				C79C9003298D648A007E2AB5 /* Strings.swift in Sources */,
				C79C8FF8298CF7CF007E2AB5 /* TranslationModel.swift in Sources */,
				C7A836BD29892AED00DE0805 /* AppDelegate.swift in Sources */,
				C79C8FDC298BD2A4007E2AB5 /* AddTranslateAssembly.swift in Sources */,
				C79C8FFF298D17E9007E2AB5 /* TranslatedCardCellModel.swift in Sources */,
				C79C8FDA298BD2A4007E2AB5 /* AddTranslateRouter.swift in Sources */,
				C79C8FED298C1935007E2AB5 /* PTableViewCellModel.swift in Sources */,
				C79C8FF2298C2071007E2AB5 /* UITableView+Extensions.swift in Sources */,
				C79C8FD9298BD2A4007E2AB5 /* AddTranslatePresenter.swift in Sources */,
				C79C9001298D1803007E2AB5 /* TranslatedCardCell.swift in Sources */,
				C79C8FF4298C2420007E2AB5 /* LanguageCell.swift in Sources */,
				C722D17429899E8400347F1E /* MainScreenRouter.swift in Sources */,
				C79C8FF0298C1D67007E2AB5 /* LanguageCellModel.swift in Sources */,
				C79C8FE5298C0EC0007E2AB5 /* LanguagesAssembly.swift in Sources */,
				C7A836BF29892AED00DE0805 /* SceneDelegate.swift in Sources */,
				C722D17529899E8400347F1E /* MainScreenViewController.swift in Sources */,
				C79C8FE4298C0EC0007E2AB5 /* LanguagesViewController.swift in Sources */,
				C79C8FE2298C0EC0007E2AB5 /* LanguagesPresenter.swift in Sources */,
			);
			runOnlyForDeploymentPostprocessing = 0;
		};
/* End PBXSourcesBuildPhase section */

/* Begin PBXVariantGroup section */
		C7A836C729892AEE00DE0805 /* LaunchScreen.storyboard */ = {
			isa = PBXVariantGroup;
			children = (
				C7A836C829892AEE00DE0805 /* Base */,
			);
			name = LaunchScreen.storyboard;
			sourceTree = "<group>";
		};
/* End PBXVariantGroup section */

/* Begin XCBuildConfiguration section */
		C7A836CB29892AEE00DE0805 /* Debug */ = {
			isa = XCBuildConfiguration;
			buildSettings = {
				ALWAYS_SEARCH_USER_PATHS = NO;
				CLANG_ANALYZER_NONNULL = YES;
				CLANG_ANALYZER_NUMBER_OBJECT_CONVERSION = YES_AGGRESSIVE;
				CLANG_CXX_LANGUAGE_STANDARD = "gnu++20";
				CLANG_ENABLE_MODULES = YES;
				CLANG_ENABLE_OBJC_ARC = YES;
				CLANG_ENABLE_OBJC_WEAK = YES;
				CLANG_WARN_BLOCK_CAPTURE_AUTORELEASING = YES;
				CLANG_WARN_BOOL_CONVERSION = YES;
				CLANG_WARN_COMMA = YES;
				CLANG_WARN_CONSTANT_CONVERSION = YES;
				CLANG_WARN_DEPRECATED_OBJC_IMPLEMENTATIONS = YES;
				CLANG_WARN_DIRECT_OBJC_ISA_USAGE = YES_ERROR;
				CLANG_WARN_DOCUMENTATION_COMMENTS = YES;
				CLANG_WARN_EMPTY_BODY = YES;
				CLANG_WARN_ENUM_CONVERSION = YES;
				CLANG_WARN_INFINITE_RECURSION = YES;
				CLANG_WARN_INT_CONVERSION = YES;
				CLANG_WARN_NON_LITERAL_NULL_CONVERSION = YES;
				CLANG_WARN_OBJC_IMPLICIT_RETAIN_SELF = YES;
				CLANG_WARN_OBJC_LITERAL_CONVERSION = YES;
				CLANG_WARN_OBJC_ROOT_CLASS = YES_ERROR;
				CLANG_WARN_QUOTED_INCLUDE_IN_FRAMEWORK_HEADER = YES;
				CLANG_WARN_RANGE_LOOP_ANALYSIS = YES;
				CLANG_WARN_STRICT_PROTOTYPES = YES;
				CLANG_WARN_SUSPICIOUS_MOVE = YES;
				CLANG_WARN_UNGUARDED_AVAILABILITY = YES_AGGRESSIVE;
				CLANG_WARN_UNREACHABLE_CODE = YES;
				CLANG_WARN__DUPLICATE_METHOD_MATCH = YES;
				COPY_PHASE_STRIP = NO;
				DEBUG_INFORMATION_FORMAT = dwarf;
				ENABLE_STRICT_OBJC_MSGSEND = YES;
				ENABLE_TESTABILITY = YES;
				"EXCLUDED_ARCHS[sdk=iphonesimulator*]" = arm64;
				GCC_C_LANGUAGE_STANDARD = gnu11;
				GCC_DYNAMIC_NO_PIC = NO;
				GCC_NO_COMMON_BLOCKS = YES;
				GCC_OPTIMIZATION_LEVEL = 0;
				GCC_PREPROCESSOR_DEFINITIONS = (
					"DEBUG=1",
					"$(inherited)",
				);
				GCC_WARN_64_TO_32_BIT_CONVERSION = YES;
				GCC_WARN_ABOUT_RETURN_TYPE = YES_ERROR;
				GCC_WARN_UNDECLARED_SELECTOR = YES;
				GCC_WARN_UNINITIALIZED_AUTOS = YES_AGGRESSIVE;
				GCC_WARN_UNUSED_FUNCTION = YES;
				GCC_WARN_UNUSED_VARIABLE = YES;
				IPHONEOS_DEPLOYMENT_TARGET = 13.0;
				MTL_ENABLE_DEBUG_INFO = INCLUDE_SOURCE;
				MTL_FAST_MATH = YES;
				ONLY_ACTIVE_ARCH = NO;
				SDKROOT = iphoneos;
				SWIFT_ACTIVE_COMPILATION_CONDITIONS = DEBUG;
				SWIFT_OPTIMIZATION_LEVEL = "-Onone";
			};
			name = Debug;
		};
		C7A836CC29892AEE00DE0805 /* Release */ = {
			isa = XCBuildConfiguration;
			buildSettings = {
				ALWAYS_SEARCH_USER_PATHS = NO;
				CLANG_ANALYZER_NONNULL = YES;
				CLANG_ANALYZER_NUMBER_OBJECT_CONVERSION = YES_AGGRESSIVE;
				CLANG_CXX_LANGUAGE_STANDARD = "gnu++20";
				CLANG_ENABLE_MODULES = YES;
				CLANG_ENABLE_OBJC_ARC = YES;
				CLANG_ENABLE_OBJC_WEAK = YES;
				CLANG_WARN_BLOCK_CAPTURE_AUTORELEASING = YES;
				CLANG_WARN_BOOL_CONVERSION = YES;
				CLANG_WARN_COMMA = YES;
				CLANG_WARN_CONSTANT_CONVERSION = YES;
				CLANG_WARN_DEPRECATED_OBJC_IMPLEMENTATIONS = YES;
				CLANG_WARN_DIRECT_OBJC_ISA_USAGE = YES_ERROR;
				CLANG_WARN_DOCUMENTATION_COMMENTS = YES;
				CLANG_WARN_EMPTY_BODY = YES;
				CLANG_WARN_ENUM_CONVERSION = YES;
				CLANG_WARN_INFINITE_RECURSION = YES;
				CLANG_WARN_INT_CONVERSION = YES;
				CLANG_WARN_NON_LITERAL_NULL_CONVERSION = YES;
				CLANG_WARN_OBJC_IMPLICIT_RETAIN_SELF = YES;
				CLANG_WARN_OBJC_LITERAL_CONVERSION = YES;
				CLANG_WARN_OBJC_ROOT_CLASS = YES_ERROR;
				CLANG_WARN_QUOTED_INCLUDE_IN_FRAMEWORK_HEADER = YES;
				CLANG_WARN_RANGE_LOOP_ANALYSIS = YES;
				CLANG_WARN_STRICT_PROTOTYPES = YES;
				CLANG_WARN_SUSPICIOUS_MOVE = YES;
				CLANG_WARN_UNGUARDED_AVAILABILITY = YES_AGGRESSIVE;
				CLANG_WARN_UNREACHABLE_CODE = YES;
				CLANG_WARN__DUPLICATE_METHOD_MATCH = YES;
				COPY_PHASE_STRIP = NO;
				DEBUG_INFORMATION_FORMAT = "dwarf-with-dsym";
				ENABLE_NS_ASSERTIONS = NO;
				ENABLE_STRICT_OBJC_MSGSEND = YES;
				"EXCLUDED_ARCHS[sdk=iphonesimulator*]" = arm64;
				GCC_C_LANGUAGE_STANDARD = gnu11;
				GCC_NO_COMMON_BLOCKS = YES;
				GCC_WARN_64_TO_32_BIT_CONVERSION = YES;
				GCC_WARN_ABOUT_RETURN_TYPE = YES_ERROR;
				GCC_WARN_UNDECLARED_SELECTOR = YES;
				GCC_WARN_UNINITIALIZED_AUTOS = YES_AGGRESSIVE;
				GCC_WARN_UNUSED_FUNCTION = YES;
				GCC_WARN_UNUSED_VARIABLE = YES;
				IPHONEOS_DEPLOYMENT_TARGET = 13.0;
				MTL_ENABLE_DEBUG_INFO = NO;
				MTL_FAST_MATH = YES;
				SDKROOT = iphoneos;
				SWIFT_COMPILATION_MODE = wholemodule;
				SWIFT_OPTIMIZATION_LEVEL = "-O";
				VALIDATE_PRODUCT = YES;
			};
			name = Release;
		};
		C7A836CE29892AEE00DE0805 /* Debug */ = {
			isa = XCBuildConfiguration;
			baseConfigurationReference = D755E2A0C9DC4BD0FA5B8743 /* Pods-LearnAsWant.debug.xcconfig */;
			buildSettings = {
				ARCHS = x86_64;
				ASSETCATALOG_COMPILER_APPICON_NAME = AppIcon;
				ASSETCATALOG_COMPILER_GLOBAL_ACCENT_COLOR_NAME = AccentColor;
				CODE_SIGN_STYLE = Automatic;
				CURRENT_PROJECT_VERSION = 1;
				DEVELOPMENT_TEAM = NBXWNXCUWE;
				GENERATE_INFOPLIST_FILE = YES;
				INFOPLIST_FILE = LearnAsWant/Info.plist;
				INFOPLIST_KEY_UIApplicationSupportsIndirectInputEvents = YES;
				INFOPLIST_KEY_UILaunchStoryboardName = LaunchScreen;
				INFOPLIST_KEY_UISupportedInterfaceOrientations_iPad = "UIInterfaceOrientationPortrait UIInterfaceOrientationPortraitUpsideDown UIInterfaceOrientationLandscapeLeft UIInterfaceOrientationLandscapeRight";
				INFOPLIST_KEY_UISupportedInterfaceOrientations_iPhone = "UIInterfaceOrientationPortrait UIInterfaceOrientationLandscapeLeft UIInterfaceOrientationLandscapeRight";
				IPHONEOS_DEPLOYMENT_TARGET = 13.0;
				LD_RUNPATH_SEARCH_PATHS = (
					"$(inherited)",
					"@executable_path/Frameworks",
				);
				MARKETING_VERSION = 1.0;
				ONLY_ACTIVE_ARCH = NO;
				PRODUCT_BUNDLE_IDENTIFIER = "Aleksei-Mikhlev.LearnAsWant";
				PRODUCT_NAME = "$(TARGET_NAME)";
				SWIFT_EMIT_LOC_STRINGS = YES;
				SWIFT_VERSION = 5.0;
				TARGETED_DEVICE_FAMILY = "1,2";
			};
			name = Debug;
		};
		C7A836CF29892AEE00DE0805 /* Release */ = {
			isa = XCBuildConfiguration;
			baseConfigurationReference = CC405EF3C2660E8737C33142 /* Pods-LearnAsWant.release.xcconfig */;
			buildSettings = {
				ARCHS = x86_64;
				ASSETCATALOG_COMPILER_APPICON_NAME = AppIcon;
				ASSETCATALOG_COMPILER_GLOBAL_ACCENT_COLOR_NAME = AccentColor;
				CODE_SIGN_STYLE = Automatic;
				CURRENT_PROJECT_VERSION = 1;
				DEVELOPMENT_TEAM = NBXWNXCUWE;
				GENERATE_INFOPLIST_FILE = YES;
				INFOPLIST_FILE = LearnAsWant/Info.plist;
				INFOPLIST_KEY_UIApplicationSupportsIndirectInputEvents = YES;
				INFOPLIST_KEY_UILaunchStoryboardName = LaunchScreen;
				INFOPLIST_KEY_UISupportedInterfaceOrientations_iPad = "UIInterfaceOrientationPortrait UIInterfaceOrientationPortraitUpsideDown UIInterfaceOrientationLandscapeLeft UIInterfaceOrientationLandscapeRight";
				INFOPLIST_KEY_UISupportedInterfaceOrientations_iPhone = "UIInterfaceOrientationPortrait UIInterfaceOrientationLandscapeLeft UIInterfaceOrientationLandscapeRight";
				IPHONEOS_DEPLOYMENT_TARGET = 13.0;
				LD_RUNPATH_SEARCH_PATHS = (
					"$(inherited)",
					"@executable_path/Frameworks",
				);
				MARKETING_VERSION = 1.0;
				PRODUCT_BUNDLE_IDENTIFIER = "Aleksei-Mikhlev.LearnAsWant";
				PRODUCT_NAME = "$(TARGET_NAME)";
				SWIFT_EMIT_LOC_STRINGS = YES;
				SWIFT_VERSION = 5.0;
				TARGETED_DEVICE_FAMILY = "1,2";
			};
			name = Release;
		};
/* End XCBuildConfiguration section */

/* Begin XCConfigurationList section */
		C7A836B429892AED00DE0805 /* Build configuration list for PBXProject "LearnAsWant" */ = {
			isa = XCConfigurationList;
			buildConfigurations = (
				C7A836CB29892AEE00DE0805 /* Debug */,
				C7A836CC29892AEE00DE0805 /* Release */,
			);
			defaultConfigurationIsVisible = 0;
			defaultConfigurationName = Release;
		};
		C7A836CD29892AEE00DE0805 /* Build configuration list for PBXNativeTarget "LearnAsWant" */ = {
			isa = XCConfigurationList;
			buildConfigurations = (
				C7A836CE29892AEE00DE0805 /* Debug */,
				C7A836CF29892AEE00DE0805 /* Release */,
			);
			defaultConfigurationIsVisible = 0;
			defaultConfigurationName = Release;
		};
/* End XCConfigurationList section */
	};
	rootObject = C7A836B129892AED00DE0805 /* Project object */;
}
